
Microsoft Visual Studio Solution File, Format Version 12.00
# Visual Studio Version 16
VisualStudioVersion = 16.0.31624.102
MinimumVisualStudioVersion = 10.0.40219.1
Project("{FAE04EC0-301F-11D3-BF4B-00C04F79EFBC}") = "1.7.2. Tarea - Segundo proyecto colaborativo", "1.7.2. Tarea - Segundo proyecto colaborativo\1.7.2. Tarea - Segundo proyecto colaborativo.csproj", "{19BFA946-1362-47E1-84A3-DE2BD9C34D37}"
EndProject
Global
	GlobalSection(SolutionConfigurationPlatforms) = preSolution
		Debug|Any CPU = Debug|Any CPU
		Release|Any CPU = Release|Any CPU
	EndGlobalSection
	GlobalSection(ProjectConfigurationPlatforms) = postSolution
		{19BFA946-1362-47E1-84A3-DE2BD9C34D37}.Debug|Any CPU.ActiveCfg = Debug|Any CPU
		{19BFA946-1362-47E1-84A3-DE2BD9C34D37}.Debug|Any CPU.Build.0 = Debug|Any CPU
		{19BFA946-1362-47E1-84A3-DE2BD9C34D37}.Release|Any CPU.ActiveCfg = Release|Any CPU
		{19BFA946-1362-47E1-84A3-DE2BD9C34D37}.Release|Any CPU.Build.0 = Release|Any CPU
	EndGlobalSection
	GlobalSection(SolutionProperties) = preSolution
		HideSolutionNode = FALSE
	EndGlobalSection
	GlobalSection(ExtensibilityGlobals) = postSolution
		SolutionGuid = {7B9E22BE-91A6-4DAB-BC6E-AFFA2A6F48EF}
	EndGlobalSection
EndGlobal
